
Microsoft Visual Studio Solution File, Format Version 12.00
# Visual Studio Version 16
VisualStudioVersion = 16.0.31105.61
MinimumVisualStudioVersion = 10.0.40219.1
Project("{FAE04EC0-301F-11D3-BF4B-00C04F79EFBC}") = "Exercicio3", "Exercicio3\Exercicio3.csproj", "{00FF3D80-E54A-4277-BD63-086A9F82CA4A}"
EndProject
Global
	GlobalSection(SolutionConfigurationPlatforms) = preSolution
		Debug|Any CPU = Debug|Any CPU
		Release|Any CPU = Release|Any CPU
	EndGlobalSection
	GlobalSection(ProjectConfigurationPlatforms) = postSolution
		{00FF3D80-E54A-4277-BD63-086A9F82CA4A}.Debug|Any CPU.ActiveCfg = Debug|Any CPU
		{00FF3D80-E54A-4277-BD63-086A9F82CA4A}.Debug|Any CPU.Build.0 = Debug|Any CPU
		{00FF3D80-E54A-4277-BD63-086A9F82CA4A}.Release|Any CPU.ActiveCfg = Release|Any CPU
		{00FF3D80-E54A-4277-BD63-086A9F82CA4A}.Release|Any CPU.Build.0 = Release|Any CPU
	EndGlobalSection
	GlobalSection(SolutionProperties) = preSolution
		HideSolutionNode = FALSE
	EndGlobalSection
	GlobalSection(ExtensibilityGlobals) = postSolution
		SolutionGuid = {42C0C984-540B-4765-B190-C95FF8ED4407}
	EndGlobalSection
EndGlobal
